
Microsoft Visual Studio Solution File, Format Version 12.00
# Visual Studio Version 16
VisualStudioVersion = 16.0.29519.87
MinimumVisualStudioVersion = 10.0.40219.1
Project("{FAE04EC0-301F-11D3-BF4B-00C04F79EFBC}") = "ByteBank", "ByteBank\ByteBank.csproj", "{3B421100-1D90-4DA5-9EB2-62383C89AC51}"
EndProject
Project("{FAE04EC0-301F-11D3-BF4B-00C04F79EFBC}") = "02-ByteBank", "02-ByteBank\02-ByteBank.csproj", "{D561616C-2965-4094-BBB0-0547860E6BA2}"
EndProject
Project("{FAE04EC0-301F-11D3-BF4B-00C04F79EFBC}") = "03-ByteBank", "03-ByteBank\03-ByteBank.csproj", "{38E39168-730B-4557-9584-1570D16EE0C4}"
EndProject
Project("{FAE04EC0-301F-11D3-BF4B-00C04F79EFBC}") = "04-ByteBank", "04-ByteBank\04-ByteBank.csproj", "{D9E68539-1692-4451-A8D8-66773B35414E}"
EndProject
Project("{FAE04EC0-301F-11D3-BF4B-00C04F79EFBC}") = "05-ByteBank", "05-ByteBank\05-ByteBank.csproj", "{C29F5EE2-E046-485B-9258-5C7355E6B062}"
EndProject
Global
	GlobalSection(SolutionConfigurationPlatforms) = preSolution
		Debug|Any CPU = Debug|Any CPU
		Release|Any CPU = Release|Any CPU
	EndGlobalSection
	GlobalSection(ProjectConfigurationPlatforms) = postSolution
		{3B421100-1D90-4DA5-9EB2-62383C89AC51}.Debug|Any CPU.ActiveCfg = Debug|Any CPU
		{3B421100-1D90-4DA5-9EB2-62383C89AC51}.Debug|Any CPU.Build.0 = Debug|Any CPU
		{3B421100-1D90-4DA5-9EB2-62383C89AC51}.Release|Any CPU.ActiveCfg = Release|Any CPU
		{3B421100-1D90-4DA5-9EB2-62383C89AC51}.Release|Any CPU.Build.0 = Release|Any CPU
		{D561616C-2965-4094-BBB0-0547860E6BA2}.Debug|Any CPU.ActiveCfg = Debug|Any CPU
		{D561616C-2965-4094-BBB0-0547860E6BA2}.Debug|Any CPU.Build.0 = Debug|Any CPU
		{D561616C-2965-4094-BBB0-0547860E6BA2}.Release|Any CPU.ActiveCfg = Release|Any CPU
		{D561616C-2965-4094-BBB0-0547860E6BA2}.Release|Any CPU.Build.0 = Release|Any CPU
		{38E39168-730B-4557-9584-1570D16EE0C4}.Debug|Any CPU.ActiveCfg = Debug|Any CPU
		{38E39168-730B-4557-9584-1570D16EE0C4}.Debug|Any CPU.Build.0 = Debug|Any CPU
		{38E39168-730B-4557-9584-1570D16EE0C4}.Release|Any CPU.ActiveCfg = Release|Any CPU
		{38E39168-730B-4557-9584-1570D16EE0C4}.Release|Any CPU.Build.0 = Release|Any CPU
		{D9E68539-1692-4451-A8D8-66773B35414E}.Debug|Any CPU.ActiveCfg = Debug|Any CPU
		{D9E68539-1692-4451-A8D8-66773B35414E}.Debug|Any CPU.Build.0 = Debug|Any CPU
		{D9E68539-1692-4451-A8D8-66773B35414E}.Release|Any CPU.ActiveCfg = Release|Any CPU
		{D9E68539-1692-4451-A8D8-66773B35414E}.Release|Any CPU.Build.0 = Release|Any CPU
		{C29F5EE2-E046-485B-9258-5C7355E6B062}.Debug|Any CPU.ActiveCfg = Debug|Any CPU
		{C29F5EE2-E046-485B-9258-5C7355E6B062}.Debug|Any CPU.Build.0 = Debug|Any CPU
		{C29F5EE2-E046-485B-9258-5C7355E6B062}.Release|Any CPU.ActiveCfg = Release|Any CPU
		{C29F5EE2-E046-485B-9258-5C7355E6B062}.Release|Any CPU.Build.0 = Release|Any CPU
	EndGlobalSection
	GlobalSection(SolutionProperties) = preSolution
		HideSolutionNode = FALSE
	EndGlobalSection
	GlobalSection(ExtensibilityGlobals) = postSolution
		SolutionGuid = {74E285CF-609E-42C5-8AC9-A8B7AF6D1763}
	EndGlobalSection
EndGlobal
